
Microsoft Visual Studio Solution File, Format Version 12.00
# Visual Studio Version 16
VisualStudioVersion = 16.0.31515.178
MinimumVisualStudioVersion = 10.0.40219.1
Project("{9A19103F-16F7-4668-BE54-9A1E7A4F7556}") = "Projeto-2", "Projeto-2.csproj", "{15548E16-C448-4704-BB56-88B238804D37}"
EndProject
Global
	GlobalSection(SolutionConfigurationPlatforms) = preSolution
		Debug|Any CPU = Debug|Any CPU
		Release|Any CPU = Release|Any CPU
	EndGlobalSection
	GlobalSection(ProjectConfigurationPlatforms) = postSolution
		{15548E16-C448-4704-BB56-88B238804D37}.Debug|Any CPU.ActiveCfg = Debug|Any CPU
		{15548E16-C448-4704-BB56-88B238804D37}.Debug|Any CPU.Build.0 = Debug|Any CPU
		{15548E16-C448-4704-BB56-88B238804D37}.Release|Any CPU.ActiveCfg = Release|Any CPU
		{15548E16-C448-4704-BB56-88B238804D37}.Release|Any CPU.Build.0 = Release|Any CPU
	EndGlobalSection
	GlobalSection(SolutionProperties) = preSolution
		HideSolutionNode = FALSE
	EndGlobalSection
	GlobalSection(ExtensibilityGlobals) = postSolution
		SolutionGuid = {7C7F34CB-2E47-4B9B-BA53-6E4EFEA9EE61}
	EndGlobalSection
EndGlobal
